<?xml version="1.0" encoding="utf-8"?>
<Project ToolsVersion="4.0" xmlns="http://schemas.microsoft.com/developer/msbuild/2003">
  <ItemGroup>
    <Filter Include="リソース ファイル">
      <UniqueIdentifier>{67DA6AB6-F800-4c08-8B7A-83BB121AAD01}</UniqueIdentifier>
      <Extensions>rc;ico;cur;bmp;dlg;rc2;rct;bin;rgs;gif;jpg;jpeg;jpe;resx;tiff;tif;png;wav;mfcribbon-ms</Extensions>
    </Filter>
    <Filter Include="01Engine">
      <UniqueIdentifier>{e5fccdcb-f299-4448-bdb6-01fa28039576}</UniqueIdentifier>
    </Filter>
    <Filter Include="01Engine\Collider">
      <UniqueIdentifier>{7f19ecfb-5d70-4d31-a1f7-c9dd14bad324}</UniqueIdentifier>
    </Filter>
    <Filter Include="01Engine\DirectX">
      <UniqueIdentifier>{e56f8c9a-95a5-4ceb-b65f-5b8e572d087b}</UniqueIdentifier>
    </Filter>
    <Filter Include="01Engine\GameObject">
      <UniqueIdentifier>{b450e438-c939-4b05-b319-0e3c0b4a335c}</UniqueIdentifier>
    </Filter>
    <Filter Include="01Engine\ResourceManager">
      <UniqueIdentifier>{bedee914-5063-4c08-95bb-79c861b4969c}</UniqueIdentifier>
    </Filter>
    <Filter Include="02Shader">
      <UniqueIdentifier>{47a6a3f5-8cfd-436b-8d58-beccd108f3f3}</UniqueIdentifier>
      <Extensions>hlsl</Extensions>
    </Filter>
    <Filter Include="Splash,Title Obj">
      <UniqueIdentifier>{790f7847-50a8-44ec-92e0-c63c939730ea}</UniqueIdentifier>
    </Filter>
    <Filter Include="Edit">
      <UniqueIdentifier>{28914db0-d9b0-4aa6-9fe1-52fc29202d6b}</UniqueIdentifier>
    </Filter>
    <Filter Include="Option Obj">
      <UniqueIdentifier>{7a0eac1d-0f74-486a-9efe-5545c04a494a}</UniqueIdentifier>
    </Filter>
    <Filter Include="BaseObject">
      <UniqueIdentifier>{2c3164fb-4614-454f-8840-54b54be4564c}</UniqueIdentifier>
    </Filter>
    <Filter Include="C_Scene/Screen">
      <UniqueIdentifier>{1ea4850a-abd3-46e5-a50f-7bce03f215d2}</UniqueIdentifier>
    </Filter>
    <Filter Include="01Engine\ResourceManager\Audio">
      <UniqueIdentifier>{ef6352b2-26f7-4b8a-be9f-28c77a6b07df}</UniqueIdentifier>
    </Filter>
    <Filter Include="01Engine\ResourceManager\Text">
      <UniqueIdentifier>{b1643819-2c8b-4323-b293-c2b98d88de11}</UniqueIdentifier>
    </Filter>
    <Filter Include="01Engine\ResourceManager\CSV">
      <UniqueIdentifier>{70832517-5a65-429b-81b2-cc6f0f77de7f}</UniqueIdentifier>
    </Filter>
    <Filter Include="Game Obj">
      <UniqueIdentifier>{81254ac1-a20f-4b4c-81aa-898135db4c6f}</UniqueIdentifier>
    </Filter>
    <Filter Include="01Engine\ResourceManager\Model">
      <UniqueIdentifier>{e5f69688-5602-499d-ab78-6c9c0a6051e1}</UniqueIdentifier>
    </Filter>
    <Filter Include="old">
      <UniqueIdentifier>{30763e30-630b-4ff3-9fbb-b8f5aaf9e469}</UniqueIdentifier>
    </Filter>
    <Filter Include="old\A_Utility">
      <UniqueIdentifier>{e6d5dfa6-5512-49cd-a920-cd16908afac4}</UniqueIdentifier>
    </Filter>
    <Filter Include="old\B_GameScene">
      <UniqueIdentifier>{5a1252d3-be04-4a39-9177-473d69588329}</UniqueIdentifier>
    </Filter>
  </ItemGroup>
  <ItemGroup>
    <ClCompile Include="Engine\BoxCollider.cpp">
      <Filter>01Engine\Collider</Filter>
    </ClCompile>
    <ClCompile Include="Engine\Collider.cpp">
      <Filter>01Engine\Collider</Filter>
    </ClCompile>
    <ClCompile Include="Engine\SphereCollider.cpp">
      <Filter>01Engine\Collider</Filter>
    </ClCompile>
    <ClCompile Include="Engine\Direct3D.cpp">
      <Filter>01Engine\DirectX</Filter>
    </ClCompile>
    <ClCompile Include="Engine\Fbx.cpp">
      <Filter>01Engine\DirectX</Filter>
    </ClCompile>
    <ClCompile Include="Engine\FbxParts.cpp">
      <Filter>01Engine\DirectX</Filter>
    </ClCompile>
    <ClCompile Include="Engine\Input.cpp">
      <Filter>01Engine\DirectX</Filter>
    </ClCompile>
    <ClCompile Include="Engine\Sprite.cpp">
      <Filter>01Engine\DirectX</Filter>
    </ClCompile>
    <ClCompile Include="Engine\Camera.cpp">
      <Filter>01Engine\GameObject</Filter>
    </ClCompile>
    <ClCompile Include="Engine\GameObject.cpp">
      <Filter>01Engine\GameObject</Filter>
    </ClCompile>
    <ClCompile Include="Engine\RootObject.cpp">
      <Filter>01Engine\GameObject</Filter>
    </ClCompile>
    <ClCompile Include="Engine\Image.cpp">
      <Filter>01Engine\ResourceManager</Filter>
    </ClCompile>
    <ClCompile Include="Engine\Main.cpp">
      <Filter>01Engine</Filter>
    </ClCompile>
    <ClCompile Include="Engine\Texture.cpp">
      <Filter>01Engine\DirectX</Filter>
    </ClCompile>
    <ClCompile Include="Engine\Transform.cpp">
      <Filter>01Engine\GameObject</Filter>
    </ClCompile>
    <ClCompile Include="Engine\BillBoard.cpp">
      <Filter>01Engine\DirectX</Filter>
    </ClCompile>
    <ClCompile Include="Engine\VFX.cpp">
      <Filter>01Engine\ResourceManager</Filter>
    </ClCompile>
    <ClCompile Include="ConfigKey.cpp" />
    <ClCompile Include="Item.cpp">
      <Filter>old\B_GameScene</Filter>
    </ClCompile>
    <ClCompile Include="Needle.cpp">
      <Filter>old\B_GameScene</Filter>
    </ClCompile>
    <ClCompile Include="Player.cpp">
      <Filter>old\B_GameScene</Filter>
    </ClCompile>
    <ClCompile Include="RivalObject.cpp">
      <Filter>old\B_GameScene</Filter>
    </ClCompile>
    <ClCompile Include="GameData.cpp">
      <Filter>old\A_Utility</Filter>
    </ClCompile>
    <ClCompile Include="KeyConfig.cpp">
      <Filter>old\A_Utility</Filter>
    </ClCompile>
    <ClCompile Include="Ground.cpp">
      <Filter>old\B_GameScene</Filter>
    </ClCompile>
    <ClCompile Include="SceneChange.cpp">
      <Filter>old\A_Utility</Filter>
    </ClCompile>
    <ClCompile Include="SceneChangeAnim.cpp">
      <Filter>old\A_Utility</Filter>
    </ClCompile>
    <ClCompile Include="ceiling.cpp">
      <Filter>old\B_GameScene</Filter>
    </ClCompile>
    <ClCompile Include="Effect.cpp">
      <Filter>old\A_Utility</Filter>
    </ClCompile>
    <ClCompile Include="Health.cpp">
      <Filter>old\B_GameScene</Filter>
    </ClCompile>
    <ClCompile Include="SystemConfig.cpp" />
    <ClCompile Include="Engine\SceneManager.cpp">
      <Filter>01Engine\ResourceManager</Filter>
    </ClCompile>
    <ClCompile Include="SplashScene.cpp">
      <Filter>C_Scene/Screen</Filter>
    </ClCompile>
    <ClCompile Include="TestScene.cpp">
      <Filter>C_Scene/Screen</Filter>
    </ClCompile>
    <ClCompile Include="Easing.cpp" />
    <ClCompile Include="TitleScene.cpp">
      <Filter>C_Scene/Screen</Filter>
    </ClCompile>
    <ClCompile Include="EditScene.cpp">
      <Filter>C_Scene/Screen</Filter>
    </ClCompile>
    <ClCompile Include="StageView.cpp">
      <Filter>Edit</Filter>
    </ClCompile>
    <ClCompile Include="StageData.cpp" />
    <ClCompile Include="EaseScene.cpp">
      <Filter>C_Scene/Screen</Filter>
    </ClCompile>
    <ClCompile Include="PlayScene.cpp">
      <Filter>C_Scene/Screen</Filter>
    </ClCompile>
    <ClCompile Include="TitleButton.cpp">
      <Filter>Splash,Title Obj</Filter>
    </ClCompile>
    <ClCompile Include="ButtonGroup.cpp" />
    <ClCompile Include="Sample.cpp">
      <Filter>BaseObject</Filter>
    </ClCompile>
    <ClCompile Include="Screen.cpp">
      <Filter>BaseObject</Filter>
    </ClCompile>
    <ClCompile Include="Button.cpp">
      <Filter>BaseObject</Filter>
    </ClCompile>
    <ClCompile Include="CreditScreen.cpp">
      <Filter>C_Scene/Screen</Filter>
    </ClCompile>
    <ClCompile Include="OptionScreen.cpp">
      <Filter>C_Scene/Screen</Filter>
    </ClCompile>
    <ClCompile Include="Engine\Audio.cpp">
      <Filter>01Engine\ResourceManager\Audio</Filter>
    </ClCompile>
    <ClCompile Include="Engine\Text.cpp">
      <Filter>01Engine\ResourceManager\Text</Filter>
    </ClCompile>
    <ClCompile Include="DebugText.cpp">
      <Filter>01Engine\ResourceManager\Text</Filter>
    </ClCompile>
    <ClCompile Include="Engine\Debug.cpp">
      <Filter>01Engine\ResourceManager\Text</Filter>
    </ClCompile>
    <ClCompile Include="Engine\CsvManager.cpp">
      <Filter>01Engine\ResourceManager\CSV</Filter>
    </ClCompile>
    <ClCompile Include="Engine\CsvReader.cpp">
      <Filter>01Engine\ResourceManager\CSV</Filter>
    </ClCompile>
    <ClCompile Include="TextLoader.cpp">
      <Filter>01Engine\ResourceManager\Text</Filter>
    </ClCompile>
    <ClCompile Include="GameSceneObject.cpp">
      <Filter>Game Obj</Filter>
    </ClCompile>
    <ClCompile Include="MapLoader.cpp">
      <Filter>Game Obj</Filter>
    </ClCompile>
    <ClCompile Include="Field.cpp">
      <Filter>Game Obj</Filter>
    </ClCompile>
    <ClCompile Include="Engine\Model.cpp">
      <Filter>01Engine\ResourceManager\Model</Filter>
    </ClCompile>
    <ClCompile Include="ModelLoader.cpp">
      <Filter>01Engine\ResourceManager\Model</Filter>
    </ClCompile>
    <ClCompile Include="Entity.cpp">
      <Filter>Game Obj</Filter>
    </ClCompile>
    <ClCompile Include="Status.cpp" />
    <ClCompile Include="TestEntity.cpp">
      <Filter>Game Obj</Filter>
    </ClCompile>
    <ClCompile Include="ButtonGP.cpp">
      <Filter>BaseObject</Filter>
    </ClCompile>
    <ClCompile Include="HelpBar.cpp">
      <Filter>old</Filter>
    </ClCompile>
    <ClCompile Include="Transition.cpp">
      <Filter>old</Filter>
    </ClCompile>
    <ClCompile Include="TransitionAnimBase.cpp">
      <Filter>old</Filter>
    </ClCompile>
    <ClCompile Include="AudioManager.cpp">
      <Filter>01Engine\ResourceManager\Audio</Filter>
    </ClCompile>
    <ClCompile Include="Switch.cpp" />
  </ItemGroup>
  <ItemGroup>
    <ClInclude Include="Engine\BoxCollider.h">
      <Filter>01Engine\Collider</Filter>
    </ClInclude>
    <ClInclude Include="Engine\Collider.h">
      <Filter>01Engine\Collider</Filter>
    </ClInclude>
    <ClInclude Include="Engine\SphereCollider.h">
      <Filter>01Engine\Collider</Filter>
    </ClInclude>
    <ClInclude Include="Engine\Direct3D.h">
      <Filter>01Engine\DirectX</Filter>
    </ClInclude>
    <ClInclude Include="Engine\Fbx.h">
      <Filter>01Engine\DirectX</Filter>
    </ClInclude>
    <ClInclude Include="Engine\FbxParts.h">
      <Filter>01Engine\DirectX</Filter>
    </ClInclude>
    <ClInclude Include="Engine\Input.h">
      <Filter>01Engine\DirectX</Filter>
    </ClInclude>
    <ClInclude Include="Engine\Sprite.h">
      <Filter>01Engine\DirectX</Filter>
    </ClInclude>
    <ClInclude Include="Engine\Camera.h">
      <Filter>01Engine\GameObject</Filter>
    </ClInclude>
    <ClInclude Include="Engine\GameObject.h">
      <Filter>01Engine\GameObject</Filter>
    </ClInclude>
    <ClInclude Include="Engine\RootObject.h">
      <Filter>01Engine\GameObject</Filter>
    </ClInclude>
    <ClInclude Include="Engine\Image.h">
      <Filter>01Engine\ResourceManager</Filter>
    </ClInclude>
    <ClInclude Include="Engine\Global.h">
      <Filter>01Engine</Filter>
    </ClInclude>
    <ClInclude Include="Engine\Texture.h">
      <Filter>01Engine\DirectX</Filter>
    </ClInclude>
    <ClInclude Include="Engine\Transform.h">
      <Filter>01Engine\GameObject</Filter>
    </ClInclude>
    <ClInclude Include="Engine\BillBoard.h">
      <Filter>01Engine\DirectX</Filter>
    </ClInclude>
    <ClInclude Include="Engine\VFX.h">
      <Filter>01Engine\ResourceManager</Filter>
    </ClInclude>
    <ClInclude Include="ConfigKey.h" />
    <ClInclude Include="Item.h">
      <Filter>old\B_GameScene</Filter>
    </ClInclude>
    <ClInclude Include="Needle.h">
      <Filter>old\B_GameScene</Filter>
    </ClInclude>
    <ClInclude Include="Player.h">
      <Filter>old\B_GameScene</Filter>
    </ClInclude>
    <ClInclude Include="RivalObject.h">
      <Filter>old\B_GameScene</Filter>
    </ClInclude>
    <ClInclude Include="GameData.h">
      <Filter>old\A_Utility</Filter>
    </ClInclude>
    <ClInclude Include="KeyConfig.h">
      <Filter>old\A_Utility</Filter>
    </ClInclude>
    <ClInclude Include="Ground.h">
      <Filter>old\B_GameScene</Filter>
    </ClInclude>
    <ClInclude Include="SceneChange.h">
      <Filter>old\A_Utility</Filter>
    </ClInclude>
    <ClInclude Include="SceneChangeAnim.h">
      <Filter>old\A_Utility</Filter>
    </ClInclude>
    <ClInclude Include="ceiling.h">
      <Filter>old\B_GameScene</Filter>
    </ClInclude>
    <ClInclude Include="Effect.h">
      <Filter>old\A_Utility</Filter>
    </ClInclude>
    <ClInclude Include="Health.h">
      <Filter>old\B_GameScene</Filter>
    </ClInclude>
    <ClInclude Include="SystemConfig.h" />
    <ClInclude Include="Engine\SceneManager.h">
      <Filter>01Engine\ResourceManager</Filter>
    </ClInclude>
    <ClInclude Include="SplashScene.h">
      <Filter>C_Scene/Screen</Filter>
    </ClInclude>
    <ClInclude Include="TestScene.h">
      <Filter>C_Scene/Screen</Filter>
    </ClInclude>
    <ClInclude Include="Easing.h" />
    <ClInclude Include="TitleScene.h">
      <Filter>C_Scene/Screen</Filter>
    </ClInclude>
    <ClInclude Include="EditScene.h">
      <Filter>C_Scene/Screen</Filter>
    </ClInclude>
    <ClInclude Include="StageView.h">
      <Filter>Edit</Filter>
    </ClInclude>
    <ClInclude Include="StageData.h" />
    <ClInclude Include="EaseScene.h">
      <Filter>C_Scene/Screen</Filter>
    </ClInclude>
    <ClInclude Include="PlayScene.h">
      <Filter>C_Scene/Screen</Filter>
    </ClInclude>
    <ClInclude Include="TitleButton.h">
      <Filter>Splash,Title Obj</Filter>
    </ClInclude>
    <ClInclude Include="ButtonGroup.h" />
    <ClInclude Include="Sample.h">
      <Filter>BaseObject</Filter>
    </ClInclude>
    <ClInclude Include="Screen.h">
      <Filter>BaseObject</Filter>
    </ClInclude>
    <ClInclude Include="Button.h">
      <Filter>BaseObject</Filter>
    </ClInclude>
    <ClInclude Include="CreditScreen.h">
      <Filter>C_Scene/Screen</Filter>
    </ClInclude>
    <ClInclude Include="OptionScreen.h">
      <Filter>C_Scene/Screen</Filter>
    </ClInclude>
    <ClInclude Include="Engine\Audio.h">
      <Filter>01Engine\ResourceManager\Audio</Filter>
    </ClInclude>
    <ClInclude Include="Engine\Text.h">
      <Filter>01Engine\ResourceManager\Text</Filter>
    </ClInclude>
    <ClInclude Include="DebugText.h">
      <Filter>01Engine\ResourceManager\Text</Filter>
    </ClInclude>
    <ClInclude Include="Engine\Debug.h">
      <Filter>01Engine\ResourceManager\Text</Filter>
    </ClInclude>
    <ClInclude Include="Engine\CsvManager.h">
      <Filter>01Engine\ResourceManager\CSV</Filter>
    </ClInclude>
    <ClInclude Include="Engine\CsvReader.h">
      <Filter>01Engine\ResourceManager\CSV</Filter>
    </ClInclude>
    <ClInclude Include="TextLoader.h">
      <Filter>01Engine\ResourceManager\Text</Filter>
    </ClInclude>
    <ClInclude Include="GameSceneObject.h">
      <Filter>Game Obj</Filter>
    </ClInclude>
    <ClInclude Include="MapLoader.h">
      <Filter>Game Obj</Filter>
    </ClInclude>
    <ClInclude Include="Field.h">
      <Filter>Game Obj</Filter>
    </ClInclude>
    <ClInclude Include="Engine\Model.h">
      <Filter>01Engine\ResourceManager\Model</Filter>
    </ClInclude>
    <ClInclude Include="ModelLoader.h">
      <Filter>01Engine\ResourceManager\Model</Filter>
    </ClInclude>
    <ClInclude Include="Entity.h">
      <Filter>Game Obj</Filter>
    </ClInclude>
    <ClInclude Include="Status.h" />
    <ClInclude Include="TestEntity.h">
      <Filter>Game Obj</Filter>
    </ClInclude>
    <ClInclude Include="ButtonGP.h">
      <Filter>BaseObject</Filter>
    </ClInclude>
    <ClInclude Include="HelpBar.h">
      <Filter>old</Filter>
    </ClInclude>
    <ClInclude Include="Transition.h">
      <Filter>old</Filter>
    </ClInclude>
    <ClInclude Include="TransitionAnimBase.h">
      <Filter>old</Filter>
    </ClInclude>
    <ClInclude Include="AudioManager.h">
      <Filter>01Engine\ResourceManager\Audio</Filter>
    </ClInclude>
    <ClInclude Include="Switch.h" />
  </ItemGroup>
  <ItemGroup>
    <FxCompile Include="Assets\Shader\Simple2D.hlsl">
      <Filter>02Shader</Filter>
    </FxCompile>
    <FxCompile Include="Assets\Shader\Simple3D.hlsl">
      <Filter>02Shader</Filter>
    </FxCompile>
    <FxCompile Include="Assets\Shader\Debug3D.hlsl">
      <Filter>02Shader</Filter>
    </FxCompile>
    <FxCompile Include="Assets\Shader\BillBoard.hlsl">
      <Filter>02Shader</Filter>
    </FxCompile>
  </ItemGroup>
  <ItemGroup>
    <Text Include="Assets\todo.txt" />
    <Text Include="Assets\memo.txt" />
  </ItemGroup>
  <ItemGroup>
    <None Include="Assets\Data\audioSource.json">
      <Filter>01Engine\ResourceManager\Audio</Filter>
    </None>
    <None Include="Assets\Data\charTextSource.json">
      <Filter>01Engine\ResourceManager\Text</Filter>
    </None>
    <None Include="Assets\Data\map1.json">
      <Filter>Game Obj</Filter>
    </None>
    <None Include="Assets\Data\modelSource.json">
      <Filter>01Engine\ResourceManager\Model</Filter>
    </None>
  </ItemGroup>
</Project>